
Microsoft Visual Studio Solution File, Format Version 12.00
# Visual Studio Version 17
VisualStudioVersion = 17.0.31903.59
MinimumVisualStudioVersion = 10.0.40219.1
Project("{FAE04EC0-301F-11D3-BF4B-00C04F79EFBC}") = "ExampleAnalyzer", "ExampleAnalyzer\ExampleAnalyzer.csproj", "{2E2FCDE1-7716-481A-B3C5-B2ACC06EF614}"
EndProject
Project("{FAE04EC0-301F-11D3-BF4B-00C04F79EFBC}") = "ExampleConsoleApp", "ExampleConsoleApp\ExampleConsoleApp.csproj", "{1C8CBF0E-23AC-4FBF-A8CB-C776FFFB4A58}"
EndProject
Project("{FAE04EC0-301F-11D3-BF4B-00C04F79EFBC}") = "ExampleAnalyzer.Tests", "ExampleAnalyzer.Tests\ExampleAnalyzer.Tests.csproj", "{BB9E475F-5821-4DD1-838D-C7B73AC791F4}"
EndProject
Global
	GlobalSection(SolutionConfigurationPlatforms) = preSolution
		Debug|Any CPU = Debug|Any CPU
		Debug|x64 = Debug|x64
		Debug|x86 = Debug|x86
		Release|Any CPU = Release|Any CPU
		Release|x64 = Release|x64
		Release|x86 = Release|x86
	EndGlobalSection
	GlobalSection(ProjectConfigurationPlatforms) = postSolution
		{2E2FCDE1-7716-481A-B3C5-B2ACC06EF614}.Debug|Any CPU.ActiveCfg = Debug|Any CPU
		{2E2FCDE1-7716-481A-B3C5-B2ACC06EF614}.Debug|Any CPU.Build.0 = Debug|Any CPU
		{2E2FCDE1-7716-481A-B3C5-B2ACC06EF614}.Debug|x64.ActiveCfg = Debug|Any CPU
		{2E2FCDE1-7716-481A-B3C5-B2ACC06EF614}.Debug|x64.Build.0 = Debug|Any CPU
		{2E2FCDE1-7716-481A-B3C5-B2ACC06EF614}.Debug|x86.ActiveCfg = Debug|Any CPU
		{2E2FCDE1-7716-481A-B3C5-B2ACC06EF614}.Debug|x86.Build.0 = Debug|Any CPU
		{2E2FCDE1-7716-481A-B3C5-B2ACC06EF614}.Release|Any CPU.ActiveCfg = Release|Any CPU
		{2E2FCDE1-7716-481A-B3C5-B2ACC06EF614}.Release|Any CPU.Build.0 = Release|Any CPU
		{2E2FCDE1-7716-481A-B3C5-B2ACC06EF614}.Release|x64.ActiveCfg = Release|Any CPU
		{2E2FCDE1-7716-481A-B3C5-B2ACC06EF614}.Release|x64.Build.0 = Release|Any CPU
		{2E2FCDE1-7716-481A-B3C5-B2ACC06EF614}.Release|x86.ActiveCfg = Release|Any CPU
		{2E2FCDE1-7716-481A-B3C5-B2ACC06EF614}.Release|x86.Build.0 = Release|Any CPU
		{1C8CBF0E-23AC-4FBF-A8CB-C776FFFB4A58}.Debug|Any CPU.ActiveCfg = Debug|Any CPU
		{1C8CBF0E-23AC-4FBF-A8CB-C776FFFB4A58}.Debug|Any CPU.Build.0 = Debug|Any CPU
		{1C8CBF0E-23AC-4FBF-A8CB-C776FFFB4A58}.Debug|x64.ActiveCfg = Debug|Any CPU
		{1C8CBF0E-23AC-4FBF-A8CB-C776FFFB4A58}.Debug|x64.Build.0 = Debug|Any CPU
		{1C8CBF0E-23AC-4FBF-A8CB-C776FFFB4A58}.Debug|x86.ActiveCfg = Debug|Any CPU
		{1C8CBF0E-23AC-4FBF-A8CB-C776FFFB4A58}.Debug|x86.Build.0 = Debug|Any CPU
		{1C8CBF0E-23AC-4FBF-A8CB-C776FFFB4A58}.Release|Any CPU.ActiveCfg = Release|Any CPU
		{1C8CBF0E-23AC-4FBF-A8CB-C776FFFB4A58}.Release|Any CPU.Build.0 = Release|Any CPU
		{1C8CBF0E-23AC-4FBF-A8CB-C776FFFB4A58}.Release|x64.ActiveCfg = Release|Any CPU
		{1C8CBF0E-23AC-4FBF-A8CB-C776FFFB4A58}.Release|x64.Build.0 = Release|Any CPU
		{1C8CBF0E-23AC-4FBF-A8CB-C776FFFB4A58}.Release|x86.ActiveCfg = Release|Any CPU
		{1C8CBF0E-23AC-4FBF-A8CB-C776FFFB4A58}.Release|x86.Build.0 = Release|Any CPU
		{BB9E475F-5821-4DD1-838D-C7B73AC791F4}.Debug|Any CPU.ActiveCfg = Debug|Any CPU
		{BB9E475F-5821-4DD1-838D-C7B73AC791F4}.Debug|Any CPU.Build.0 = Debug|Any CPU
		{BB9E475F-5821-4DD1-838D-C7B73AC791F4}.Debug|x64.ActiveCfg = Debug|Any CPU
		{BB9E475F-5821-4DD1-838D-C7B73AC791F4}.Debug|x64.Build.0 = Debug|Any CPU
		{BB9E475F-5821-4DD1-838D-C7B73AC791F4}.Debug|x86.ActiveCfg = Debug|Any CPU
		{BB9E475F-5821-4DD1-838D-C7B73AC791F4}.Debug|x86.Build.0 = Debug|Any CPU
		{BB9E475F-5821-4DD1-838D-C7B73AC791F4}.Release|Any CPU.ActiveCfg = Release|Any CPU
		{BB9E475F-5821-4DD1-838D-C7B73AC791F4}.Release|Any CPU.Build.0 = Release|Any CPU
		{BB9E475F-5821-4DD1-838D-C7B73AC791F4}.Release|x64.ActiveCfg = Release|Any CPU
		{BB9E475F-5821-4DD1-838D-C7B73AC791F4}.Release|x64.Build.0 = Release|Any CPU
		{BB9E475F-5821-4DD1-838D-C7B73AC791F4}.Release|x86.ActiveCfg = Release|Any CPU
		{BB9E475F-5821-4DD1-838D-C7B73AC791F4}.Release|x86.Build.0 = Release|Any CPU
	EndGlobalSection
	GlobalSection(SolutionProperties) = preSolution
		HideSolutionNode = FALSE
	EndGlobalSection
EndGlobal
